
Microsoft Visual Studio Solution File, Format Version 12.00
# Visual Studio Version 17
VisualStudioVersion = 17.5.002.0
MinimumVisualStudioVersion = 10.0.40219.1
Project("{9A19103F-16F7-4668-BE54-9A1E7A4F7556}") = "Demo", "Demo.csproj", "{D36C14EF-B81C-4DC5-8BCD-6AB85D990D3E}"
EndProject
Global
	GlobalSection(SolutionConfigurationPlatforms) = preSolution
		Debug|Any CPU = Debug|Any CPU
		Release|Any CPU = Release|Any CPU
	EndGlobalSection
	GlobalSection(ProjectConfigurationPlatforms) = postSolution
		{D36C14EF-B81C-4DC5-8BCD-6AB85D990D3E}.Debug|Any CPU.ActiveCfg = Debug|Any CPU
		{D36C14EF-B81C-4DC5-8BCD-6AB85D990D3E}.Debug|Any CPU.Build.0 = Debug|Any CPU
		{D36C14EF-B81C-4DC5-8BCD-6AB85D990D3E}.Release|Any CPU.ActiveCfg = Release|Any CPU
		{D36C14EF-B81C-4DC5-8BCD-6AB85D990D3E}.Release|Any CPU.Build.0 = Release|Any CPU
	EndGlobalSection
	GlobalSection(SolutionProperties) = preSolution
		HideSolutionNode = FALSE
	EndGlobalSection
	GlobalSection(ExtensibilityGlobals) = postSolution
		SolutionGuid = {5E03203E-E7FB-45D8-A873-22BA60547AF2}
	EndGlobalSection
EndGlobal
